
Microsoft Visual Studio Solution File, Format Version 12.00
# Visual Studio Version 17
VisualStudioVersion = 17.2.32516.85
MinimumVisualStudioVersion = 10.0.40219.1
Project("{2150E333-8FDC-42A3-9474-1A3956D46DE8}") = "src", "src", "{C9FEBF77-53A3-444A-A81A-C0440DFF4264}"
EndProject
Project("{2150E333-8FDC-42A3-9474-1A3956D46DE8}") = "test", "test", "{FF25EAE5-DD83-4439-AE01-D5E3E5E77E3F}"
EndProject
Project("{9A19103F-16F7-4668-BE54-9A1E7A4F7556}") = "CoinChange", "src\CoinChange\CoinChange.csproj", "{D2173E4D-46D4-4F26-ACC0-622CA88EB152}"
EndProject
Project("{9A19103F-16F7-4668-BE54-9A1E7A4F7556}") = "CoinChange.Tests.Unit", "test\CoinChange.Tests.Unit\CoinChange.Tests.Unit.csproj", "{23E46E39-DB69-4A5E-A047-590D42908B3B}"
EndProject
Global
	GlobalSection(SolutionConfigurationPlatforms) = preSolution
		Debug|Any CPU = Debug|Any CPU
		Release|Any CPU = Release|Any CPU
	EndGlobalSection
	GlobalSection(ProjectConfigurationPlatforms) = postSolution
		{D2173E4D-46D4-4F26-ACC0-622CA88EB152}.Debug|Any CPU.ActiveCfg = Debug|Any CPU
		{D2173E4D-46D4-4F26-ACC0-622CA88EB152}.Debug|Any CPU.Build.0 = Debug|Any CPU
		{D2173E4D-46D4-4F26-ACC0-622CA88EB152}.Release|Any CPU.ActiveCfg = Release|Any CPU
		{D2173E4D-46D4-4F26-ACC0-622CA88EB152}.Release|Any CPU.Build.0 = Release|Any CPU
		{23E46E39-DB69-4A5E-A047-590D42908B3B}.Debug|Any CPU.ActiveCfg = Debug|Any CPU
		{23E46E39-DB69-4A5E-A047-590D42908B3B}.Debug|Any CPU.Build.0 = Debug|Any CPU
		{23E46E39-DB69-4A5E-A047-590D42908B3B}.Release|Any CPU.ActiveCfg = Release|Any CPU
		{23E46E39-DB69-4A5E-A047-590D42908B3B}.Release|Any CPU.Build.0 = Release|Any CPU
	EndGlobalSection
	GlobalSection(SolutionProperties) = preSolution
		HideSolutionNode = FALSE
	EndGlobalSection
	GlobalSection(NestedProjects) = preSolution
		{D2173E4D-46D4-4F26-ACC0-622CA88EB152} = {C9FEBF77-53A3-444A-A81A-C0440DFF4264}
		{23E46E39-DB69-4A5E-A047-590D42908B3B} = {FF25EAE5-DD83-4439-AE01-D5E3E5E77E3F}
	EndGlobalSection
	GlobalSection(ExtensibilityGlobals) = postSolution
		SolutionGuid = {FBCFE8DE-99BC-4BB4-9566-E0219CC2D5B6}
	EndGlobalSection
EndGlobal
